
Microsoft Visual Studio Solution File, Format Version 12.00
# Visual Studio Version 17
VisualStudioVersion = 17.0.31903.59
MinimumVisualStudioVersion = 10.0.40219.1
Project("{FAE04EC0-301F-11D3-BF4B-00C04F79EFBC}") = "Lab19_1", "Lab19_1\Lab19_1.csproj", "{BB5DE3C2-1CBF-4757-88D1-41101BC1F8AF}"
EndProject
Global
	GlobalSection(SolutionConfigurationPlatforms) = preSolution
		Debug|Any CPU = Debug|Any CPU
		Release|Any CPU = Release|Any CPU
	EndGlobalSection
	GlobalSection(ProjectConfigurationPlatforms) = postSolution
		{BB5DE3C2-1CBF-4757-88D1-41101BC1F8AF}.Debug|Any CPU.ActiveCfg = Debug|Any CPU
		{BB5DE3C2-1CBF-4757-88D1-41101BC1F8AF}.Debug|Any CPU.Build.0 = Debug|Any CPU
		{BB5DE3C2-1CBF-4757-88D1-41101BC1F8AF}.Release|Any CPU.ActiveCfg = Release|Any CPU
		{BB5DE3C2-1CBF-4757-88D1-41101BC1F8AF}.Release|Any CPU.Build.0 = Release|Any CPU
	EndGlobalSection
	GlobalSection(SolutionProperties) = preSolution
		HideSolutionNode = FALSE
	EndGlobalSection
	GlobalSection(ExtensibilityGlobals) = postSolution
		SolutionGuid = {E101CA7E-EFC2-48E7-ADF0-3F4AC9F78B7C}
	EndGlobalSection
EndGlobal
